
Microsoft Visual Studio Solution File, Format Version 12.00
# Visual Studio Version 16
VisualStudioVersion = 16.0.29709.97
MinimumVisualStudioVersion = 10.0.40219.1
Project("{9A19103F-16F7-4668-BE54-9A1E7A4F7556}") = "ToDoApp.Api", "ToDoApp.Api\ToDoApp.Api.csproj", "{EB7381E9-D0AC-48EE-8E05-E0F702FD6CAB}"
EndProject
Project("{9A19103F-16F7-4668-BE54-9A1E7A4F7556}") = "ToDoApp.Db", "ToDoApp.Db\ToDoApp.Db.csproj", "{39636A6D-D973-48E9-BBA1-1C066C31F88B}"
EndProject
Project("{9A19103F-16F7-4668-BE54-9A1E7A4F7556}") = "ToDoApp.TestApi", "ToDoApp.TestApi\ToDoApp.TestApi.csproj", "{6FDB4F68-3C7E-479A-A0B5-5B3205CAFC1D}"
EndProject
Global
	GlobalSection(SolutionConfigurationPlatforms) = preSolution
		Debug|Any CPU = Debug|Any CPU
		Release|Any CPU = Release|Any CPU
	EndGlobalSection
	GlobalSection(ProjectConfigurationPlatforms) = postSolution
		{EB7381E9-D0AC-48EE-8E05-E0F702FD6CAB}.Debug|Any CPU.ActiveCfg = Debug|Any CPU
		{EB7381E9-D0AC-48EE-8E05-E0F702FD6CAB}.Debug|Any CPU.Build.0 = Debug|Any CPU
		{EB7381E9-D0AC-48EE-8E05-E0F702FD6CAB}.Release|Any CPU.ActiveCfg = Release|Any CPU
		{EB7381E9-D0AC-48EE-8E05-E0F702FD6CAB}.Release|Any CPU.Build.0 = Release|Any CPU
		{39636A6D-D973-48E9-BBA1-1C066C31F88B}.Debug|Any CPU.ActiveCfg = Debug|Any CPU
		{39636A6D-D973-48E9-BBA1-1C066C31F88B}.Debug|Any CPU.Build.0 = Debug|Any CPU
		{39636A6D-D973-48E9-BBA1-1C066C31F88B}.Release|Any CPU.ActiveCfg = Release|Any CPU
		{39636A6D-D973-48E9-BBA1-1C066C31F88B}.Release|Any CPU.Build.0 = Release|Any CPU
		{6FDB4F68-3C7E-479A-A0B5-5B3205CAFC1D}.Debug|Any CPU.ActiveCfg = Debug|Any CPU
		{6FDB4F68-3C7E-479A-A0B5-5B3205CAFC1D}.Debug|Any CPU.Build.0 = Debug|Any CPU
		{6FDB4F68-3C7E-479A-A0B5-5B3205CAFC1D}.Release|Any CPU.ActiveCfg = Release|Any CPU
		{6FDB4F68-3C7E-479A-A0B5-5B3205CAFC1D}.Release|Any CPU.Build.0 = Release|Any CPU
	EndGlobalSection
	GlobalSection(SolutionProperties) = preSolution
		HideSolutionNode = FALSE
	EndGlobalSection
	GlobalSection(ExtensibilityGlobals) = postSolution
		SolutionGuid = {571DAC70-A27F-46F1-901D-5C3CEED71F41}
	EndGlobalSection
EndGlobal
